{
  "object": {
    "pins": [
      {
        "package": "libtesseract",
        "repositoryURL": "https://github.com/SwiftyTesseract/libtesseract.git",
        "state": {
          "branch": null,
          "revision": "214a36e04d740795d7ba2f07c6108944d0136f8a",
          "version": "0.2.0"
        }
      },
      {
        "package": "QKMRZParser",
        "repositoryURL": "https://github.com/Kleemann/QKMRZParser.git",
        "state": {
          "branch": "master",
          "revision": "ac379c808766a2a3edcf189bfe60ece80d568996",
          "version": null
        }
      },
      {
        "package": "SwiftyTesseract",
        "repositoryURL": "https://github.com/SwiftyTesseract/SwiftyTesseract",
        "state": {
          "branch": null,
          "revision": "1393d15d0278673dd89f2ba21d3fb748f99e02ce",
          "version": "4.0.1"
        }
      }
    ]
  },
  "version": 1
}
